
Microsoft Visual Studio Solution File, Format Version 12.00
# Visual Studio Version 16
VisualStudioVersion = 16.0.30413.136
MinimumVisualStudioVersion = 10.0.40219.1
Project("{888888A0-9F3D-457C-B088-3A5042F75D52}") = "EuroopaRiigidEG", "EuroopaRiigidEG.pyproj", "{6FEDE6AC-CF60-40D1-BA0E-0FEBD6032FDE}"
EndProject
Global
	GlobalSection(SolutionConfigurationPlatforms) = preSolution
		Debug|Any CPU = Debug|Any CPU
		Release|Any CPU = Release|Any CPU
	EndGlobalSection
	GlobalSection(ProjectConfigurationPlatforms) = postSolution
		{6FEDE6AC-CF60-40D1-BA0E-0FEBD6032FDE}.Debug|Any CPU.ActiveCfg = Debug|Any CPU
		{6FEDE6AC-CF60-40D1-BA0E-0FEBD6032FDE}.Release|Any CPU.ActiveCfg = Release|Any CPU
	EndGlobalSection
	GlobalSection(SolutionProperties) = preSolution
		HideSolutionNode = FALSE
	EndGlobalSection
	GlobalSection(ExtensibilityGlobals) = postSolution
		SolutionGuid = {F5F2FD82-DE41-4250-A03C-0ED8BDA8EE89}
	EndGlobalSection
EndGlobal
